
Microsoft Visual Studio Solution File, Format Version 12.00
# Visual Studio 14
VisualStudioVersion = 14.0.25420.1
MinimumVisualStudioVersion = 10.0.40219.1
Project("{FAE04EC0-301F-11D3-BF4B-00C04F79EFBC}") = "AtsWmsCS_6S1InfeedMissionGeneration", "AtsWmsCS_6S1InfeedMissionGeneration\AtsWmsCS_6S1InfeedMissionGeneration.csproj", "{494E5A4C-2D03-43B3-B27B-3DF7A28027BD}"
EndProject
Project("{6141683F-8A12-4E36-9623-2EB02B2C2303}") = "AtsWmsCS_6S1InfeedMissGenSetup10", "AtsWmsCS_6S1InfeedMissGenSetup10\AtsWmsCS_6S1InfeedMissGenSetup10.isproj", "{DB03E8AA-05D8-4BD4-B7FA-552F10FD486F}"
	ProjectSection(ProjectDependencies) = postProject
		{494E5A4C-2D03-43B3-B27B-3DF7A28027BD} = {494E5A4C-2D03-43B3-B27B-3DF7A28027BD}
	EndProjectSection
EndProject
Project("{6141683F-8A12-4E36-9623-2EB02B2C2303}") = "AtsWmsCS_6S1InfeedMisGenSetup10", "AtsWmsCS_6S1InfeedMisGenSetup10\AtsWmsCS_6S1InfeedMisGenSetup10.isproj", "{05CA028C-3110-46B2-BFF6-59B3EB299019}"
	ProjectSection(ProjectDependencies) = postProject
		{494E5A4C-2D03-43B3-B27B-3DF7A28027BD} = {494E5A4C-2D03-43B3-B27B-3DF7A28027BD}
	EndProjectSection
EndProject
Project("{6141683F-8A12-4E36-9623-2EB02B2C2303}") = "AtsWmsCS_6S1InfeedMisGenSetup11", "AtsWmsCS_6S1InfeedMisGenSetup11\AtsWmsCS_6S1InfeedMisGenSetup11.isproj", "{2A78F5FC-8B2C-49A7-B417-513B4D55811E}"
	ProjectSection(ProjectDependencies) = postProject
		{494E5A4C-2D03-43B3-B27B-3DF7A28027BD} = {494E5A4C-2D03-43B3-B27B-3DF7A28027BD}
	EndProjectSection
EndProject
Project("{6141683F-8A12-4E36-9623-2EB02B2C2303}") = "AtsWmsCS_6S1InfeedMisGenSetupV12", "AtsWmsCS_6S1InfeedMisGenSetupV12\AtsWmsCS_6S1InfeedMisGenSetupV12.isproj", "{BD06D2BE-93F1-4568-B38F-ADF5232FB79D}"
	ProjectSection(ProjectDependencies) = postProject
		{494E5A4C-2D03-43B3-B27B-3DF7A28027BD} = {494E5A4C-2D03-43B3-B27B-3DF7A28027BD}
	EndProjectSection
EndProject
Project("{6141683F-8A12-4E36-9623-2EB02B2C2303}") = "AtsWmsCS_6S1InfeedMisGenSetupV13", "AtsWmsCS_6S1InfeedMisGenSetupV13\AtsWmsCS_6S1InfeedMisGenSetupV13.isproj", "{EE5FC81D-4BBA-45A4-A282-E36EF6AD162B}"
	ProjectSection(ProjectDependencies) = postProject
		{494E5A4C-2D03-43B3-B27B-3DF7A28027BD} = {494E5A4C-2D03-43B3-B27B-3DF7A28027BD}
	EndProjectSection
EndProject
Project("{6141683F-8A12-4E36-9623-2EB02B2C2303}") = "AtsWmsCS_6S1InfeedMissGenSetupSR", "AtsWmsCS_6S1InfeedMissGenSetupSR\AtsWmsCS_6S1InfeedMissGenSetupSR.isproj", "{804E7D77-4246-4EBA-9CBF-4571D76A382F}"
	ProjectSection(ProjectDependencies) = postProject
		{494E5A4C-2D03-43B3-B27B-3DF7A28027BD} = {494E5A4C-2D03-43B3-B27B-3DF7A28027BD}
	EndProjectSection
EndProject
Project("{6141683F-8A12-4E36-9623-2EB02B2C2303}") = "AtsWmsCS_6S1InfeedMissGenSetV14", "AtsWmsCS_6S1InfeedMissGenSetV14\AtsWmsCS_6S1InfeedMissGenSetV14.isproj", "{B6A8AED5-67A9-46A4-A220-893905B0B471}"
	ProjectSection(ProjectDependencies) = postProject
		{494E5A4C-2D03-43B3-B27B-3DF7A28027BD} = {494E5A4C-2D03-43B3-B27B-3DF7A28027BD}
	EndProjectSection
EndProject
Project("{6141683F-8A12-4E36-9623-2EB02B2C2303}") = "AtsWmsCS_6S1InfeedMisGenSetV15", "AtsWmsCS_6S1InfeedMisGenSetV15\AtsWmsCS_6S1InfeedMisGenSetV15.isproj", "{57AD5864-1805-4A31-B5E3-52E8B7382F7F}"
	ProjectSection(ProjectDependencies) = postProject
		{494E5A4C-2D03-43B3-B27B-3DF7A28027BD} = {494E5A4C-2D03-43B3-B27B-3DF7A28027BD}
	EndProjectSection
EndProject
Project("{6141683F-8A12-4E36-9623-2EB02B2C2303}") = "AtsWmsCS_6S1InfeedMisGenSetV16", "AtsWmsCS_6S1InfeedMisGenSetV16\AtsWmsCS_6S1InfeedMisGenSetV16.isproj", "{880F8A7E-3FD4-4CD3-AAD0-2B0361581E84}"
	ProjectSection(ProjectDependencies) = postProject
		{494E5A4C-2D03-43B3-B27B-3DF7A28027BD} = {494E5A4C-2D03-43B3-B27B-3DF7A28027BD}
	EndProjectSection
EndProject
Project("{6141683F-8A12-4E36-9623-2EB02B2C2303}") = "AtsWmsCS_6S1InfeedMisGenSetV17", "AtsWmsCS_6S1InfeedMisGenSetV17\AtsWmsCS_6S1InfeedMisGenSetV17.isproj", "{A44DEFA9-86C2-4E5F-80F5-D48534D63F44}"
	ProjectSection(ProjectDependencies) = postProject
		{494E5A4C-2D03-43B3-B27B-3DF7A28027BD} = {494E5A4C-2D03-43B3-B27B-3DF7A28027BD}
	EndProjectSection
EndProject
Global
	GlobalSection(SolutionConfigurationPlatforms) = preSolution
		CD_ROM|Any CPU = CD_ROM|Any CPU
		Debug|Any CPU = Debug|Any CPU
		DVD-5|Any CPU = DVD-5|Any CPU
		Release|Any CPU = Release|Any CPU
		SingleImage|Any CPU = SingleImage|Any CPU
	EndGlobalSection
	GlobalSection(ProjectConfigurationPlatforms) = postSolution
		{494E5A4C-2D03-43B3-B27B-3DF7A28027BD}.CD_ROM|Any CPU.ActiveCfg = Release|Any CPU
		{494E5A4C-2D03-43B3-B27B-3DF7A28027BD}.CD_ROM|Any CPU.Build.0 = Release|Any CPU
		{494E5A4C-2D03-43B3-B27B-3DF7A28027BD}.Debug|Any CPU.ActiveCfg = Debug|Any CPU
		{494E5A4C-2D03-43B3-B27B-3DF7A28027BD}.Debug|Any CPU.Build.0 = Debug|Any CPU
		{494E5A4C-2D03-43B3-B27B-3DF7A28027BD}.DVD-5|Any CPU.ActiveCfg = Debug|Any CPU
		{494E5A4C-2D03-43B3-B27B-3DF7A28027BD}.DVD-5|Any CPU.Build.0 = Debug|Any CPU
		{494E5A4C-2D03-43B3-B27B-3DF7A28027BD}.Release|Any CPU.ActiveCfg = Release|Any CPU
		{494E5A4C-2D03-43B3-B27B-3DF7A28027BD}.Release|Any CPU.Build.0 = Release|Any CPU
		{494E5A4C-2D03-43B3-B27B-3DF7A28027BD}.SingleImage|Any CPU.ActiveCfg = Release|Any CPU
		{494E5A4C-2D03-43B3-B27B-3DF7A28027BD}.SingleImage|Any CPU.Build.0 = Release|Any CPU
		{DB03E8AA-05D8-4BD4-B7FA-552F10FD486F}.CD_ROM|Any CPU.ActiveCfg = CD_ROM
		{DB03E8AA-05D8-4BD4-B7FA-552F10FD486F}.CD_ROM|Any CPU.Build.0 = CD_ROM
		{DB03E8AA-05D8-4BD4-B7FA-552F10FD486F}.Debug|Any CPU.ActiveCfg = DVD-5
		{DB03E8AA-05D8-4BD4-B7FA-552F10FD486F}.Debug|Any CPU.Build.0 = DVD-5
		{DB03E8AA-05D8-4BD4-B7FA-552F10FD486F}.DVD-5|Any CPU.ActiveCfg = DVD-5
		{DB03E8AA-05D8-4BD4-B7FA-552F10FD486F}.DVD-5|Any CPU.Build.0 = DVD-5
		{DB03E8AA-05D8-4BD4-B7FA-552F10FD486F}.Release|Any CPU.ActiveCfg = SingleImage
		{DB03E8AA-05D8-4BD4-B7FA-552F10FD486F}.Release|Any CPU.Build.0 = SingleImage
		{DB03E8AA-05D8-4BD4-B7FA-552F10FD486F}.SingleImage|Any CPU.ActiveCfg = SingleImage
		{DB03E8AA-05D8-4BD4-B7FA-552F10FD486F}.SingleImage|Any CPU.Build.0 = SingleImage
		{05CA028C-3110-46B2-BFF6-59B3EB299019}.CD_ROM|Any CPU.ActiveCfg = CD_ROM
		{05CA028C-3110-46B2-BFF6-59B3EB299019}.CD_ROM|Any CPU.Build.0 = CD_ROM
		{05CA028C-3110-46B2-BFF6-59B3EB299019}.Debug|Any CPU.ActiveCfg = DVD-5
		{05CA028C-3110-46B2-BFF6-59B3EB299019}.Debug|Any CPU.Build.0 = DVD-5
		{05CA028C-3110-46B2-BFF6-59B3EB299019}.DVD-5|Any CPU.ActiveCfg = DVD-5
		{05CA028C-3110-46B2-BFF6-59B3EB299019}.DVD-5|Any CPU.Build.0 = DVD-5
		{05CA028C-3110-46B2-BFF6-59B3EB299019}.Release|Any CPU.ActiveCfg = SingleImage
		{05CA028C-3110-46B2-BFF6-59B3EB299019}.Release|Any CPU.Build.0 = SingleImage
		{05CA028C-3110-46B2-BFF6-59B3EB299019}.SingleImage|Any CPU.ActiveCfg = SingleImage
		{05CA028C-3110-46B2-BFF6-59B3EB299019}.SingleImage|Any CPU.Build.0 = SingleImage
		{2A78F5FC-8B2C-49A7-B417-513B4D55811E}.CD_ROM|Any CPU.ActiveCfg = CD_ROM
		{2A78F5FC-8B2C-49A7-B417-513B4D55811E}.CD_ROM|Any CPU.Build.0 = CD_ROM
		{2A78F5FC-8B2C-49A7-B417-513B4D55811E}.Debug|Any CPU.ActiveCfg = DVD-5
		{2A78F5FC-8B2C-49A7-B417-513B4D55811E}.Debug|Any CPU.Build.0 = DVD-5
		{2A78F5FC-8B2C-49A7-B417-513B4D55811E}.DVD-5|Any CPU.ActiveCfg = DVD-5
		{2A78F5FC-8B2C-49A7-B417-513B4D55811E}.DVD-5|Any CPU.Build.0 = DVD-5
		{2A78F5FC-8B2C-49A7-B417-513B4D55811E}.Release|Any CPU.ActiveCfg = SingleImage
		{2A78F5FC-8B2C-49A7-B417-513B4D55811E}.Release|Any CPU.Build.0 = SingleImage
		{2A78F5FC-8B2C-49A7-B417-513B4D55811E}.SingleImage|Any CPU.ActiveCfg = SingleImage
		{2A78F5FC-8B2C-49A7-B417-513B4D55811E}.SingleImage|Any CPU.Build.0 = SingleImage
		{BD06D2BE-93F1-4568-B38F-ADF5232FB79D}.CD_ROM|Any CPU.ActiveCfg = CD_ROM
		{BD06D2BE-93F1-4568-B38F-ADF5232FB79D}.CD_ROM|Any CPU.Build.0 = CD_ROM
		{BD06D2BE-93F1-4568-B38F-ADF5232FB79D}.Debug|Any CPU.ActiveCfg = DVD-5
		{BD06D2BE-93F1-4568-B38F-ADF5232FB79D}.Debug|Any CPU.Build.0 = DVD-5
		{BD06D2BE-93F1-4568-B38F-ADF5232FB79D}.DVD-5|Any CPU.ActiveCfg = DVD-5
		{BD06D2BE-93F1-4568-B38F-ADF5232FB79D}.DVD-5|Any CPU.Build.0 = DVD-5
		{BD06D2BE-93F1-4568-B38F-ADF5232FB79D}.Release|Any CPU.ActiveCfg = SingleImage
		{BD06D2BE-93F1-4568-B38F-ADF5232FB79D}.Release|Any CPU.Build.0 = SingleImage
		{BD06D2BE-93F1-4568-B38F-ADF5232FB79D}.SingleImage|Any CPU.ActiveCfg = SingleImage
		{BD06D2BE-93F1-4568-B38F-ADF5232FB79D}.SingleImage|Any CPU.Build.0 = SingleImage
		{EE5FC81D-4BBA-45A4-A282-E36EF6AD162B}.CD_ROM|Any CPU.ActiveCfg = CD_ROM
		{EE5FC81D-4BBA-45A4-A282-E36EF6AD162B}.CD_ROM|Any CPU.Build.0 = CD_ROM
		{EE5FC81D-4BBA-45A4-A282-E36EF6AD162B}.Debug|Any CPU.ActiveCfg = DVD-5
		{EE5FC81D-4BBA-45A4-A282-E36EF6AD162B}.Debug|Any CPU.Build.0 = DVD-5
		{EE5FC81D-4BBA-45A4-A282-E36EF6AD162B}.DVD-5|Any CPU.ActiveCfg = DVD-5
		{EE5FC81D-4BBA-45A4-A282-E36EF6AD162B}.DVD-5|Any CPU.Build.0 = DVD-5
		{EE5FC81D-4BBA-45A4-A282-E36EF6AD162B}.Release|Any CPU.ActiveCfg = SingleImage
		{EE5FC81D-4BBA-45A4-A282-E36EF6AD162B}.Release|Any CPU.Build.0 = SingleImage
		{EE5FC81D-4BBA-45A4-A282-E36EF6AD162B}.SingleImage|Any CPU.ActiveCfg = SingleImage
		{EE5FC81D-4BBA-45A4-A282-E36EF6AD162B}.SingleImage|Any CPU.Build.0 = SingleImage
		{804E7D77-4246-4EBA-9CBF-4571D76A382F}.CD_ROM|Any CPU.ActiveCfg = CD_ROM
		{804E7D77-4246-4EBA-9CBF-4571D76A382F}.CD_ROM|Any CPU.Build.0 = CD_ROM
		{804E7D77-4246-4EBA-9CBF-4571D76A382F}.Debug|Any CPU.ActiveCfg = DVD-5
		{804E7D77-4246-4EBA-9CBF-4571D76A382F}.Debug|Any CPU.Build.0 = DVD-5
		{804E7D77-4246-4EBA-9CBF-4571D76A382F}.DVD-5|Any CPU.ActiveCfg = DVD-5
		{804E7D77-4246-4EBA-9CBF-4571D76A382F}.DVD-5|Any CPU.Build.0 = DVD-5
		{804E7D77-4246-4EBA-9CBF-4571D76A382F}.Release|Any CPU.ActiveCfg = SingleImage
		{804E7D77-4246-4EBA-9CBF-4571D76A382F}.Release|Any CPU.Build.0 = SingleImage
		{804E7D77-4246-4EBA-9CBF-4571D76A382F}.SingleImage|Any CPU.ActiveCfg = SingleImage
		{804E7D77-4246-4EBA-9CBF-4571D76A382F}.SingleImage|Any CPU.Build.0 = SingleImage
		{B6A8AED5-67A9-46A4-A220-893905B0B471}.CD_ROM|Any CPU.ActiveCfg = CD_ROM
		{B6A8AED5-67A9-46A4-A220-893905B0B471}.CD_ROM|Any CPU.Build.0 = CD_ROM
		{B6A8AED5-67A9-46A4-A220-893905B0B471}.Debug|Any CPU.ActiveCfg = DVD-5
		{B6A8AED5-67A9-46A4-A220-893905B0B471}.Debug|Any CPU.Build.0 = DVD-5
		{B6A8AED5-67A9-46A4-A220-893905B0B471}.DVD-5|Any CPU.ActiveCfg = DVD-5
		{B6A8AED5-67A9-46A4-A220-893905B0B471}.DVD-5|Any CPU.Build.0 = DVD-5
		{B6A8AED5-67A9-46A4-A220-893905B0B471}.Release|Any CPU.ActiveCfg = SingleImage
		{B6A8AED5-67A9-46A4-A220-893905B0B471}.Release|Any CPU.Build.0 = SingleImage
		{B6A8AED5-67A9-46A4-A220-893905B0B471}.SingleImage|Any CPU.ActiveCfg = SingleImage
		{B6A8AED5-67A9-46A4-A220-893905B0B471}.SingleImage|Any CPU.Build.0 = SingleImage
		{57AD5864-1805-4A31-B5E3-52E8B7382F7F}.CD_ROM|Any CPU.ActiveCfg = CD_ROM
		{57AD5864-1805-4A31-B5E3-52E8B7382F7F}.CD_ROM|Any CPU.Build.0 = CD_ROM
		{57AD5864-1805-4A31-B5E3-52E8B7382F7F}.Debug|Any CPU.ActiveCfg = DVD-5
		{57AD5864-1805-4A31-B5E3-52E8B7382F7F}.Debug|Any CPU.Build.0 = DVD-5
		{57AD5864-1805-4A31-B5E3-52E8B7382F7F}.DVD-5|Any CPU.ActiveCfg = DVD-5
		{57AD5864-1805-4A31-B5E3-52E8B7382F7F}.DVD-5|Any CPU.Build.0 = DVD-5
		{57AD5864-1805-4A31-B5E3-52E8B7382F7F}.Release|Any CPU.ActiveCfg = SingleImage
		{57AD5864-1805-4A31-B5E3-52E8B7382F7F}.Release|Any CPU.Build.0 = SingleImage
		{57AD5864-1805-4A31-B5E3-52E8B7382F7F}.SingleImage|Any CPU.ActiveCfg = SingleImage
		{57AD5864-1805-4A31-B5E3-52E8B7382F7F}.SingleImage|Any CPU.Build.0 = SingleImage
		{880F8A7E-3FD4-4CD3-AAD0-2B0361581E84}.CD_ROM|Any CPU.ActiveCfg = CD_ROM
		{880F8A7E-3FD4-4CD3-AAD0-2B0361581E84}.CD_ROM|Any CPU.Build.0 = CD_ROM
		{880F8A7E-3FD4-4CD3-AAD0-2B0361581E84}.Debug|Any CPU.ActiveCfg = DVD-5
		{880F8A7E-3FD4-4CD3-AAD0-2B0361581E84}.Debug|Any CPU.Build.0 = DVD-5
		{880F8A7E-3FD4-4CD3-AAD0-2B0361581E84}.DVD-5|Any CPU.ActiveCfg = DVD-5
		{880F8A7E-3FD4-4CD3-AAD0-2B0361581E84}.DVD-5|Any CPU.Build.0 = DVD-5
		{880F8A7E-3FD4-4CD3-AAD0-2B0361581E84}.Release|Any CPU.ActiveCfg = SingleImage
		{880F8A7E-3FD4-4CD3-AAD0-2B0361581E84}.Release|Any CPU.Build.0 = SingleImage
		{880F8A7E-3FD4-4CD3-AAD0-2B0361581E84}.SingleImage|Any CPU.ActiveCfg = SingleImage
		{880F8A7E-3FD4-4CD3-AAD0-2B0361581E84}.SingleImage|Any CPU.Build.0 = SingleImage
		{A44DEFA9-86C2-4E5F-80F5-D48534D63F44}.CD_ROM|Any CPU.ActiveCfg = CD_ROM
		{A44DEFA9-86C2-4E5F-80F5-D48534D63F44}.CD_ROM|Any CPU.Build.0 = CD_ROM
		{A44DEFA9-86C2-4E5F-80F5-D48534D63F44}.Debug|Any CPU.ActiveCfg = DVD-5
		{A44DEFA9-86C2-4E5F-80F5-D48534D63F44}.Debug|Any CPU.Build.0 = DVD-5
		{A44DEFA9-86C2-4E5F-80F5-D48534D63F44}.DVD-5|Any CPU.ActiveCfg = DVD-5
		{A44DEFA9-86C2-4E5F-80F5-D48534D63F44}.DVD-5|Any CPU.Build.0 = DVD-5
		{A44DEFA9-86C2-4E5F-80F5-D48534D63F44}.Release|Any CPU.ActiveCfg = SingleImage
		{A44DEFA9-86C2-4E5F-80F5-D48534D63F44}.Release|Any CPU.Build.0 = SingleImage
		{A44DEFA9-86C2-4E5F-80F5-D48534D63F44}.SingleImage|Any CPU.ActiveCfg = SingleImage
		{A44DEFA9-86C2-4E5F-80F5-D48534D63F44}.SingleImage|Any CPU.Build.0 = SingleImage
	EndGlobalSection
	GlobalSection(SolutionProperties) = preSolution
		HideSolutionNode = FALSE
	EndGlobalSection
EndGlobal
